
Microsoft Visual Studio Solution File, Format Version 12.00
# Visual Studio 14
VisualStudioVersion = 14.0.25420.1
MinimumVisualStudioVersion = 10.0.40219.1
Project("{FAE04EC0-301F-11D3-BF4B-00C04F79EFBC}") = "TYCSpider", "TYCSpider\TYCSpider.csproj", "{632B681C-604C-4E5D-9476-18E900286C9C}"
EndProject
Project("{FAE04EC0-301F-11D3-BF4B-00C04F79EFBC}") = "TYCSpider.BaseInfo", "TYCSpider.BaseInfo\TYCSpider.BaseInfo.csproj", "{2A094A72-232D-412C-AAE0-BC2C0F8881A9}"
EndProject
Project("{FAE04EC0-301F-11D3-BF4B-00C04F79EFBC}") = "TYCSpider.Model", "TYCSpider.Model\TYCSpider.Model.csproj", "{8DAB8318-4A9D-419C-9E12-39177D77B9E9}"
EndProject
Global
	GlobalSection(SolutionConfigurationPlatforms) = preSolution
		Debug|Any CPU = Debug|Any CPU
		Release|Any CPU = Release|Any CPU
	EndGlobalSection
	GlobalSection(ProjectConfigurationPlatforms) = postSolution
		{632B681C-604C-4E5D-9476-18E900286C9C}.Debug|Any CPU.ActiveCfg = Debug|Any CPU
		{632B681C-604C-4E5D-9476-18E900286C9C}.Debug|Any CPU.Build.0 = Debug|Any CPU
		{632B681C-604C-4E5D-9476-18E900286C9C}.Release|Any CPU.ActiveCfg = Release|Any CPU
		{632B681C-604C-4E5D-9476-18E900286C9C}.Release|Any CPU.Build.0 = Release|Any CPU
		{2A094A72-232D-412C-AAE0-BC2C0F8881A9}.Debug|Any CPU.ActiveCfg = Debug|Any CPU
		{2A094A72-232D-412C-AAE0-BC2C0F8881A9}.Debug|Any CPU.Build.0 = Debug|Any CPU
		{2A094A72-232D-412C-AAE0-BC2C0F8881A9}.Release|Any CPU.ActiveCfg = Release|Any CPU
		{2A094A72-232D-412C-AAE0-BC2C0F8881A9}.Release|Any CPU.Build.0 = Release|Any CPU
		{8DAB8318-4A9D-419C-9E12-39177D77B9E9}.Debug|Any CPU.ActiveCfg = Debug|Any CPU
		{8DAB8318-4A9D-419C-9E12-39177D77B9E9}.Debug|Any CPU.Build.0 = Debug|Any CPU
		{8DAB8318-4A9D-419C-9E12-39177D77B9E9}.Release|Any CPU.ActiveCfg = Release|Any CPU
		{8DAB8318-4A9D-419C-9E12-39177D77B9E9}.Release|Any CPU.Build.0 = Release|Any CPU
	EndGlobalSection
	GlobalSection(SolutionProperties) = preSolution
		HideSolutionNode = FALSE
	EndGlobalSection
EndGlobal
